
Microsoft Visual Studio Solution File, Format Version 12.00
# Visual Studio Version 16
VisualStudioVersion = 16.0.31112.23
MinimumVisualStudioVersion = 10.0.40219.1
Project("{FAE04EC0-301F-11D3-BF4B-00C04F79EFBC}") = "GADE6122_2021_GithubHelloWorld", "GADE6122_2021_GithubHelloWorld\GADE6122_2021_GithubHelloWorld.csproj", "{73427245-0BEB-4423-A947-BBDA4885AE3B}"
EndProject
Global
	GlobalSection(SolutionConfigurationPlatforms) = preSolution
		Debug|Any CPU = Debug|Any CPU
		Release|Any CPU = Release|Any CPU
	EndGlobalSection
	GlobalSection(ProjectConfigurationPlatforms) = postSolution
		{73427245-0BEB-4423-A947-BBDA4885AE3B}.Debug|Any CPU.ActiveCfg = Debug|Any CPU
		{73427245-0BEB-4423-A947-BBDA4885AE3B}.Debug|Any CPU.Build.0 = Debug|Any CPU
		{73427245-0BEB-4423-A947-BBDA4885AE3B}.Release|Any CPU.ActiveCfg = Release|Any CPU
		{73427245-0BEB-4423-A947-BBDA4885AE3B}.Release|Any CPU.Build.0 = Release|Any CPU
	EndGlobalSection
	GlobalSection(SolutionProperties) = preSolution
		HideSolutionNode = FALSE
	EndGlobalSection
	GlobalSection(ExtensibilityGlobals) = postSolution
		SolutionGuid = {EE1DEA90-D078-4807-AF4A-547B47D78423}
	EndGlobalSection
EndGlobal
